// !$*UTF8*$!
{
	archiveVersion = 1;
	classes = {
	};
	objectVersion = 46;
	objects = {

/* Begin PBXBuildFile section */
		1A02DE391ACCBB69007F7C74 /* CalendarViewController.m in Sources */ = {isa = PBXBuildFile; fileRef = 1A02DE381ACCBB69007F7C74 /* CalendarViewController.m */; };
		1A02DE3D1ACCC5C8007F7C74 /* AppointmentsTableViewController.m in Sources */ = {isa = PBXBuildFile; fileRef = 1A02DE3B1ACCC5C8007F7C74 /* AppointmentsTableViewController.m */; };
		1A02DE421ACCCB01007F7C74 /* AppointmentManager.m in Sources */ = {isa = PBXBuildFile; fileRef = 1A02DE411ACCCB01007F7C74 /* AppointmentManager.m */; };
		1A02DE461ACCCF3F007F7C74 /* Appointment.m in Sources */ = {isa = PBXBuildFile; fileRef = 1A02DE451ACCCF3F007F7C74 /* Appointment.m */; };
		1A02DE501ACCE3E3007F7C74 /* Bolts.framework in Frameworks */ = {isa = PBXBuildFile; fileRef = 1A02DE4A1ACCE3E3007F7C74 /* Bolts.framework */; };
		1A02DE511ACCE3E3007F7C74 /* Parse.framework in Frameworks */ = {isa = PBXBuildFile; fileRef = 1A02DE4B1ACCE3E3007F7C74 /* Parse.framework */; };
		1A02DE521ACCE3E3007F7C74 /* ParseCrashReporting.framework in Frameworks */ = {isa = PBXBuildFile; fileRef = 1A02DE4C1ACCE3E3007F7C74 /* ParseCrashReporting.framework */; };
		1A02DE531ACCE3E3007F7C74 /* ParseFacebookUtils.framework in Frameworks */ = {isa = PBXBuildFile; fileRef = 1A02DE4D1ACCE3E3007F7C74 /* ParseFacebookUtils.framework */; };
		1A02DE541ACCE3E3007F7C74 /* ParseFacebookUtilsV4.framework in Frameworks */ = {isa = PBXBuildFile; fileRef = 1A02DE4E1ACCE3E3007F7C74 /* ParseFacebookUtilsV4.framework */; };
		1A02DE551ACCE3E3007F7C74 /* ParseUI.framework in Frameworks */ = {isa = PBXBuildFile; fileRef = 1A02DE4F1ACCE3E3007F7C74 /* ParseUI.framework */; };
		1A1DE77D1AC4E069006A431B /* CalendarPreviousMonth.png in Resources */ = {isa = PBXBuildFile; fileRef = 1A1DE7601AC4E069006A431B /* CalendarPreviousMonth.png */; };
		1A1DE77E1AC4E069006A431B /* CalendarPreviousMonth@2x.png in Resources */ = {isa = PBXBuildFile; fileRef = 1A1DE7611AC4E069006A431B /* CalendarPreviousMonth@2x.png */; };
		1A1DE77F1AC4E069006A431B /* CalendarRow.png in Resources */ = {isa = PBXBuildFile; fileRef = 1A1DE7621AC4E069006A431B /* CalendarRow.png */; };
		1A1DE7801AC4E069006A431B /* CalendarRow@2x.png in Resources */ = {isa = PBXBuildFile; fileRef = 1A1DE7631AC4E069006A431B /* CalendarRow@2x.png */; };
		1A1DE7811AC4E069006A431B /* CalendarRowBottom.png in Resources */ = {isa = PBXBuildFile; fileRef = 1A1DE7641AC4E069006A431B /* CalendarRowBottom.png */; };
		1A1DE7821AC4E069006A431B /* CalendarRowBottom@2x.png in Resources */ = {isa = PBXBuildFile; fileRef = 1A1DE7651AC4E069006A431B /* CalendarRowBottom@2x.png */; };
		1A1DE7831AC4E069006A431B /* CalendarSelectedDate.png in Resources */ = {isa = PBXBuildFile; fileRef = 1A1DE7661AC4E069006A431B /* CalendarSelectedDate.png */; };
		1A1DE7841AC4E069006A431B /* CalendarSelectedDate@2x.png in Resources */ = {isa = PBXBuildFile; fileRef = 1A1DE7671AC4E069006A431B /* CalendarSelectedDate@2x.png */; };
		1A1DE7851AC4E069006A431B /* CalendarTodaysDate.png in Resources */ = {isa = PBXBuildFile; fileRef = 1A1DE7681AC4E069006A431B /* CalendarTodaysDate.png */; };
		1A1DE7861AC4E069006A431B /* CalendarTodaysDate@2x.png in Resources */ = {isa = PBXBuildFile; fileRef = 1A1DE7691AC4E069006A431B /* CalendarTodaysDate@2x.png */; };
		1A1DE7871AC4E069006A431B /* Default-568h@2x.png in Resources */ = {isa = PBXBuildFile; fileRef = 1A1DE76A1AC4E069006A431B /* Default-568h@2x.png */; };
		1A1DE7881AC4E069006A431B /* Default.png in Resources */ = {isa = PBXBuildFile; fileRef = 1A1DE76B1AC4E069006A431B /* Default.png */; };
		1A1DE7891AC4E069006A431B /* Default@2x.png in Resources */ = {isa = PBXBuildFile; fileRef = 1A1DE76C1AC4E069006A431B /* Default@2x.png */; };
		1A1DE78A1AC4E069006A431B /* TSQCalendarCell.m in Sources */ = {isa = PBXBuildFile; fileRef = 1A1DE7701AC4E069006A431B /* TSQCalendarCell.m */; };
		1A1DE78B1AC4E069006A431B /* TSQCalendarMonthHeaderCell.m in Sources */ = {isa = PBXBuildFile; fileRef = 1A1DE7721AC4E069006A431B /* TSQCalendarMonthHeaderCell.m */; };
		1A1DE78C1AC4E069006A431B /* TSQCalendarRowCell.m in Sources */ = {isa = PBXBuildFile; fileRef = 1A1DE7741AC4E069006A431B /* TSQCalendarRowCell.m */; };
		1A1DE78D1AC4E069006A431B /* TSQCalendarView.m in Sources */ = {isa = PBXBuildFile; fileRef = 1A1DE7761AC4E069006A431B /* TSQCalendarView.m */; };
		1A1DE78F1AC4E069006A431B /* TSQTACalendarRowCell.m in Sources */ = {isa = PBXBuildFile; fileRef = 1A1DE77A1AC4E069006A431B /* TSQTACalendarRowCell.m */; };
		1A1DE7901AC4E069006A431B /* TSQTAViewController.m in Sources */ = {isa = PBXBuildFile; fileRef = 1A1DE77C1AC4E069006A431B /* TSQTAViewController.m */; };
		1A4001C81AC339C500B64BA2 /* main.m in Sources */ = {isa = PBXBuildFile; fileRef = 1A4001C71AC339C500B64BA2 /* main.m */; };
		1A4001CB1AC339C500B64BA2 /* AppDelegate.m in Sources */ = {isa = PBXBuildFile; fileRef = 1A4001CA1AC339C500B64BA2 /* AppDelegate.m */; };
		1A4001CE1AC339C500B64BA2 /* RootViewController.m in Sources */ = {isa = PBXBuildFile; fileRef = 1A4001CD1AC339C500B64BA2 /* RootViewController.m */; };
		1A4001D11AC339C500B64BA2 /* Main.storyboard in Resources */ = {isa = PBXBuildFile; fileRef = 1A4001CF1AC339C500B64BA2 /* Main.storyboard */; };
		1A4001D31AC339C500B64BA2 /* Images.xcassets in Resources */ = {isa = PBXBuildFile; fileRef = 1A4001D21AC339C500B64BA2 /* Images.xcassets */; };
		1A4001D61AC339C500B64BA2 /* LaunchScreen.xib in Resources */ = {isa = PBXBuildFile; fileRef = 1A4001D41AC339C500B64BA2 /* LaunchScreen.xib */; };
		1A4001E21AC339C500B64BA2 /* ScheduleMeTests.m in Sources */ = {isa = PBXBuildFile; fileRef = 1A4001E11AC339C500B64BA2 /* ScheduleMeTests.m */; };
		6C97E5021AC48FF300454832 /* AudioToolbox.framework in Frameworks */ = {isa = PBXBuildFile; fileRef = 6C97E5011AC48FF300454832 /* AudioToolbox.framework */; };
		6C97E5041AC48FFC00454832 /* CFNetwork.framework in Frameworks */ = {isa = PBXBuildFile; fileRef = 6C97E5031AC48FFC00454832 /* CFNetwork.framework */; };
		6C97E5061AC4900900454832 /* CoreGraphics.framework in Frameworks */ = {isa = PBXBuildFile; fileRef = 6C97E5051AC4900900454832 /* CoreGraphics.framework */; };
		6C97E5081AC4901300454832 /* CoreLocation.framework in Frameworks */ = {isa = PBXBuildFile; fileRef = 6C97E5071AC4901300454832 /* CoreLocation.framework */; };
		6C97E50A1AC4901C00454832 /* MobileCoreServices.framework in Frameworks */ = {isa = PBXBuildFile; fileRef = 6C97E5091AC4901C00454832 /* MobileCoreServices.framework */; };
		6C97E50C1AC4902500454832 /* QuartzCore.framework in Frameworks */ = {isa = PBXBuildFile; fileRef = 6C97E50B1AC4902500454832 /* QuartzCore.framework */; };
		6C97E50E1AC4902F00454832 /* Security.framework in Frameworks */ = {isa = PBXBuildFile; fileRef = 6C97E50D1AC4902F00454832 /* Security.framework */; };
		6C97E5101AC4903A00454832 /* StoreKit.framework in Frameworks */ = {isa = PBXBuildFile; fileRef = 6C97E50F1AC4903A00454832 /* StoreKit.framework */; };
		6C97E5121AC4904400454832 /* SystemConfiguration.framework in Frameworks */ = {isa = PBXBuildFile; fileRef = 6C97E5111AC4904400454832 /* SystemConfiguration.framework */; };
		6C97E5141AC4905600454832 /* libz.dylib in Frameworks */ = {isa = PBXBuildFile; fileRef = 6C97E5131AC4905600454832 /* libz.dylib */; };
		6C97E5161AC4906100454832 /* libsqlite3.dylib in Frameworks */ = {isa = PBXBuildFile; fileRef = 6C97E5151AC4906100454832 /* libsqlite3.dylib */; };
		6C97E5661AC49E3D00454832 /* Twitter.framework in Frameworks */ = {isa = PBXBuildFile; fileRef = 6C97E5651AC49E3D00454832 /* Twitter.framework */; };
		6C97E5681AC49E4400454832 /* Social.framework in Frameworks */ = {isa = PBXBuildFile; fileRef = 6C97E5671AC49E4400454832 /* Social.framework */; };
		6C97E56A1AC49E9B00454832 /* Accounts.framework in Frameworks */ = {isa = PBXBuildFile; fileRef = 6C97E5691AC49E9B00454832 /* Accounts.framework */; };
		6CB9B3C91ACB3007009FE5AB /* SignUpViewController.m in Sources */ = {isa = PBXBuildFile; fileRef = 6CB9B3C81ACB3007009FE5AB /* SignUpViewController.m */; };
		6CB9B3CC1ACB3F85009FE5AB /* LogInViewController.m in Sources */ = {isa = PBXBuildFile; fileRef = 6CB9B3CB1ACB3F85009FE5AB /* LogInViewController.m */; };
/* End PBXBuildFile section */

/* Begin PBXContainerItemProxy section */
		1A4001DC1AC339C500B64BA2 /* PBXContainerItemProxy */ = {
			isa = PBXContainerItemProxy;
			containerPortal = 1A4001BA1AC339C500B64BA2 /* Project object */;
			proxyType = 1;
			remoteGlobalIDString = 1A4001C11AC339C500B64BA2;
			remoteInfo = ScheduleMe;
		};
/* End PBXContainerItemProxy section */

/* Begin PBXFileReference section */
		1A02DE371ACCBB69007F7C74 /* CalendarViewController.h */ = {isa = PBXFileReference; fileEncoding = 4; lastKnownFileType = sourcecode.c.h; path = CalendarViewController.h; sourceTree = "<group>"; };
		1A02DE381ACCBB69007F7C74 /* CalendarViewController.m */ = {isa = PBXFileReference; fileEncoding = 4; lastKnownFileType = sourcecode.c.objc; path = CalendarViewController.m; sourceTree = "<group>"; };
		1A02DE3A1ACCC5C8007F7C74 /* AppointmentsTableViewController.h */ = {isa = PBXFileReference; fileEncoding = 4; lastKnownFileType = sourcecode.c.h; path = AppointmentsTableViewController.h; sourceTree = "<group>"; };
		1A02DE3B1ACCC5C8007F7C74 /* AppointmentsTableViewController.m */ = {isa = PBXFileReference; fileEncoding = 4; lastKnownFileType = sourcecode.c.objc; path = AppointmentsTableViewController.m; sourceTree = "<group>"; };
		1A02DE401ACCCB01007F7C74 /* AppointmentManager.h */ = {isa = PBXFileReference; fileEncoding = 4; lastKnownFileType = sourcecode.c.h; path = AppointmentManager.h; sourceTree = "<group>"; };
		1A02DE411ACCCB01007F7C74 /* AppointmentManager.m */ = {isa = PBXFileReference; fileEncoding = 4; lastKnownFileType = sourcecode.c.objc; path = AppointmentManager.m; sourceTree = "<group>"; };
		1A02DE441ACCCF3F007F7C74 /* Appointment.h */ = {isa = PBXFileReference; fileEncoding = 4; lastKnownFileType = sourcecode.c.h; path = Appointment.h; sourceTree = "<group>"; };
		1A02DE451ACCCF3F007F7C74 /* Appointment.m */ = {isa = PBXFileReference; fileEncoding = 4; lastKnownFileType = sourcecode.c.objc; path = Appointment.m; sourceTree = "<group>"; };
		1A02DE4A1ACCE3E3007F7C74 /* Bolts.framework */ = {isa = PBXFileReference; lastKnownFileType = wrapper.framework; name = Bolts.framework; path = ParseFramework/Bolts.framework; sourceTree = "<group>"; };
		1A02DE4B1ACCE3E3007F7C74 /* Parse.framework */ = {isa = PBXFileReference; lastKnownFileType = wrapper.framework; name = Parse.framework; path = ParseFramework/Parse.framework; sourceTree = "<group>"; };
		1A02DE4C1ACCE3E3007F7C74 /* ParseCrashReporting.framework */ = {isa = PBXFileReference; lastKnownFileType = wrapper.framework; name = ParseCrashReporting.framework; path = ParseFramework/ParseCrashReporting.framework; sourceTree = "<group>"; };
		1A02DE4D1ACCE3E3007F7C74 /* ParseFacebookUtils.framework */ = {isa = PBXFileReference; lastKnownFileType = wrapper.framework; name = ParseFacebookUtils.framework; path = ParseFramework/ParseFacebookUtils.framework; sourceTree = "<group>"; };
		1A02DE4E1ACCE3E3007F7C74 /* ParseFacebookUtilsV4.framework */ = {isa = PBXFileReference; lastKnownFileType = wrapper.framework; name = ParseFacebookUtilsV4.framework; path = ParseFramework/ParseFacebookUtilsV4.framework; sourceTree = "<group>"; };
		1A02DE4F1ACCE3E3007F7C74 /* ParseUI.framework */ = {isa = PBXFileReference; lastKnownFileType = wrapper.framework; name = ParseUI.framework; path = ParseFramework/ParseUI.framework; sourceTree = "<group>"; };
		1A1DE7601AC4E069006A431B /* CalendarPreviousMonth.png */ = {isa = PBXFileReference; lastKnownFileType = image.png; path = CalendarPreviousMonth.png; sourceTree = "<group>"; };
		1A1DE7611AC4E069006A431B /* CalendarPreviousMonth@2x.png */ = {isa = PBXFileReference; lastKnownFileType = image.png; path = "CalendarPreviousMonth@2x.png"; sourceTree = "<group>"; };
		1A1DE7621AC4E069006A431B /* CalendarRow.png */ = {isa = PBXFileReference; lastKnownFileType = image.png; path = CalendarRow.png; sourceTree = "<group>"; };
		1A1DE7631AC4E069006A431B /* CalendarRow@2x.png */ = {isa = PBXFileReference; lastKnownFileType = image.png; path = "CalendarRow@2x.png"; sourceTree = "<group>"; };
		1A1DE7641AC4E069006A431B /* CalendarRowBottom.png */ = {isa = PBXFileReference; lastKnownFileType = image.png; path = CalendarRowBottom.png; sourceTree = "<group>"; };
		1A1DE7651AC4E069006A431B /* CalendarRowBottom@2x.png */ = {isa = PBXFileReference; lastKnownFileType = image.png; path = "CalendarRowBottom@2x.png"; sourceTree = "<group>"; };
		1A1DE7661AC4E069006A431B /* CalendarSelectedDate.png */ = {isa = PBXFileReference; lastKnownFileType = image.png; path = CalendarSelectedDate.png; sourceTree = "<group>"; };
		1A1DE7671AC4E069006A431B /* CalendarSelectedDate@2x.png */ = {isa = PBXFileReference; lastKnownFileType = image.png; path = "CalendarSelectedDate@2x.png"; sourceTree = "<group>"; };
		1A1DE7681AC4E069006A431B /* CalendarTodaysDate.png */ = {isa = PBXFileReference; lastKnownFileType = image.png; path = CalendarTodaysDate.png; sourceTree = "<group>"; };
		1A1DE7691AC4E069006A431B /* CalendarTodaysDate@2x.png */ = {isa = PBXFileReference; lastKnownFileType = image.png; path = "CalendarTodaysDate@2x.png"; sourceTree = "<group>"; };
		1A1DE76A1AC4E069006A431B /* Default-568h@2x.png */ = {isa = PBXFileReference; lastKnownFileType = image.png; path = "Default-568h@2x.png"; sourceTree = "<group>"; };
		1A1DE76B1AC4E069006A431B /* Default.png */ = {isa = PBXFileReference; lastKnownFileType = image.png; path = Default.png; sourceTree = "<group>"; };
		1A1DE76C1AC4E069006A431B /* Default@2x.png */ = {isa = PBXFileReference; lastKnownFileType = image.png; path = "Default@2x.png"; sourceTree = "<group>"; };
		1A1DE76D1AC4E069006A431B /* TimesSquare-Prefix.pch */ = {isa = PBXFileReference; fileEncoding = 4; lastKnownFileType = sourcecode.c.h; path = "TimesSquare-Prefix.pch"; sourceTree = "<group>"; };
		1A1DE76E1AC4E069006A431B /* TimesSquare.h */ = {isa = PBXFileReference; fileEncoding = 4; lastKnownFileType = sourcecode.c.h; path = TimesSquare.h; sourceTree = "<group>"; };
		1A1DE76F1AC4E069006A431B /* TSQCalendarCell.h */ = {isa = PBXFileReference; fileEncoding = 4; lastKnownFileType = sourcecode.c.h; path = TSQCalendarCell.h; sourceTree = "<group>"; };
		1A1DE7701AC4E069006A431B /* TSQCalendarCell.m */ = {isa = PBXFileReference; fileEncoding = 4; lastKnownFileType = sourcecode.c.objc; path = TSQCalendarCell.m; sourceTree = "<group>"; };
		1A1DE7711AC4E069006A431B /* TSQCalendarMonthHeaderCell.h */ = {isa = PBXFileReference; fileEncoding = 4; lastKnownFileType = sourcecode.c.h; path = TSQCalendarMonthHeaderCell.h; sourceTree = "<group>"; };
		1A1DE7721AC4E069006A431B /* TSQCalendarMonthHeaderCell.m */ = {isa = PBXFileReference; fileEncoding = 4; lastKnownFileType = sourcecode.c.objc; path = TSQCalendarMonthHeaderCell.m; sourceTree = "<group>"; };
		1A1DE7731AC4E069006A431B /* TSQCalendarRowCell.h */ = {isa = PBXFileReference; fileEncoding = 4; lastKnownFileType = sourcecode.c.h; path = TSQCalendarRowCell.h; sourceTree = "<group>"; };
		1A1DE7741AC4E069006A431B /* TSQCalendarRowCell.m */ = {isa = PBXFileReference; fileEncoding = 4; lastKnownFileType = sourcecode.c.objc; path = TSQCalendarRowCell.m; sourceTree = "<group>"; };
		1A1DE7751AC4E069006A431B /* TSQCalendarView.h */ = {isa = PBXFileReference; fileEncoding = 4; lastKnownFileType = sourcecode.c.h; path = TSQCalendarView.h; sourceTree = "<group>"; };
		1A1DE7761AC4E069006A431B /* TSQCalendarView.m */ = {isa = PBXFileReference; fileEncoding = 4; lastKnownFileType = sourcecode.c.objc; path = TSQCalendarView.m; sourceTree = "<group>"; };
		1A1DE7791AC4E069006A431B /* TSQTACalendarRowCell.h */ = {isa = PBXFileReference; fileEncoding = 4; lastKnownFileType = sourcecode.c.h; path = TSQTACalendarRowCell.h; sourceTree = "<group>"; };
		1A1DE77A1AC4E069006A431B /* TSQTACalendarRowCell.m */ = {isa = PBXFileReference; fileEncoding = 4; lastKnownFileType = sourcecode.c.objc; path = TSQTACalendarRowCell.m; sourceTree = "<group>"; };
		1A1DE77B1AC4E069006A431B /* TSQTAViewController.h */ = {isa = PBXFileReference; fileEncoding = 4; lastKnownFileType = sourcecode.c.h; path = TSQTAViewController.h; sourceTree = "<group>"; };
		1A1DE77C1AC4E069006A431B /* TSQTAViewController.m */ = {isa = PBXFileReference; fileEncoding = 4; lastKnownFileType = sourcecode.c.objc; path = TSQTAViewController.m; sourceTree = "<group>"; };
		1A4001C21AC339C500B64BA2 /* ScheduleMe.app */ = {isa = PBXFileReference; explicitFileType = wrapper.application; includeInIndex = 0; path = ScheduleMe.app; sourceTree = BUILT_PRODUCTS_DIR; };
		1A4001C61AC339C500B64BA2 /* Info.plist */ = {isa = PBXFileReference; lastKnownFileType = text.plist.xml; path = Info.plist; sourceTree = "<group>"; };
		1A4001C71AC339C500B64BA2 /* main.m */ = {isa = PBXFileReference; lastKnownFileType = sourcecode.c.objc; path = main.m; sourceTree = "<group>"; };
		1A4001C91AC339C500B64BA2 /* AppDelegate.h */ = {isa = PBXFileReference; lastKnownFileType = sourcecode.c.h; path = AppDelegate.h; sourceTree = "<group>"; };
		1A4001CA1AC339C500B64BA2 /* AppDelegate.m */ = {isa = PBXFileReference; lastKnownFileType = sourcecode.c.objc; path = AppDelegate.m; sourceTree = "<group>"; };
		1A4001CC1AC339C500B64BA2 /* RootViewController.h */ = {isa = PBXFileReference; lastKnownFileType = sourcecode.c.h; path = RootViewController.h; sourceTree = "<group>"; };
		1A4001CD1AC339C500B64BA2 /* RootViewController.m */ = {isa = PBXFileReference; lastKnownFileType = sourcecode.c.objc; path = RootViewController.m; sourceTree = "<group>"; };
		1A4001D01AC339C500B64BA2 /* Base */ = {isa = PBXFileReference; lastKnownFileType = file.storyboard; name = Base; path = Base.lproj/Main.storyboard; sourceTree = "<group>"; };
		1A4001D21AC339C500B64BA2 /* Images.xcassets */ = {isa = PBXFileReference; lastKnownFileType = folder.assetcatalog; path = Images.xcassets; sourceTree = "<group>"; };
		1A4001D51AC339C500B64BA2 /* Base */ = {isa = PBXFileReference; lastKnownFileType = file.xib; name = Base; path = Base.lproj/LaunchScreen.xib; sourceTree = "<group>"; };
		1A4001DB1AC339C500B64BA2 /* ScheduleMeTests.xctest */ = {isa = PBXFileReference; explicitFileType = wrapper.cfbundle; includeInIndex = 0; path = ScheduleMeTests.xctest; sourceTree = BUILT_PRODUCTS_DIR; };
		1A4001E01AC339C500B64BA2 /* Info.plist */ = {isa = PBXFileReference; lastKnownFileType = text.plist.xml; path = Info.plist; sourceTree = "<group>"; };
		1A4001E11AC339C500B64BA2 /* ScheduleMeTests.m */ = {isa = PBXFileReference; lastKnownFileType = sourcecode.c.objc; path = ScheduleMeTests.m; sourceTree = "<group>"; };
		6C97E5011AC48FF300454832 /* AudioToolbox.framework */ = {isa = PBXFileReference; lastKnownFileType = wrapper.framework; name = AudioToolbox.framework; path = System/Library/Frameworks/AudioToolbox.framework; sourceTree = SDKROOT; };
		6C97E5031AC48FFC00454832 /* CFNetwork.framework */ = {isa = PBXFileReference; lastKnownFileType = wrapper.framework; name = CFNetwork.framework; path = System/Library/Frameworks/CFNetwork.framework; sourceTree = SDKROOT; };
		6C97E5051AC4900900454832 /* CoreGraphics.framework */ = {isa = PBXFileReference; lastKnownFileType = wrapper.framework; name = CoreGraphics.framework; path = System/Library/Frameworks/CoreGraphics.framework; sourceTree = SDKROOT; };
		6C97E5071AC4901300454832 /* CoreLocation.framework */ = {isa = PBXFileReference; lastKnownFileType = wrapper.framework; name = CoreLocation.framework; path = System/Library/Frameworks/CoreLocation.framework; sourceTree = SDKROOT; };
		6C97E5091AC4901C00454832 /* MobileCoreServices.framework */ = {isa = PBXFileReference; lastKnownFileType = wrapper.framework; name = MobileCoreServices.framework; path = System/Library/Frameworks/MobileCoreServices.framework; sourceTree = SDKROOT; };
		6C97E50B1AC4902500454832 /* QuartzCore.framework */ = {isa = PBXFileReference; lastKnownFileType = wrapper.framework; name = QuartzCore.framework; path = System/Library/Frameworks/QuartzCore.framework; sourceTree = SDKROOT; };
		6C97E50D1AC4902F00454832 /* Security.framework */ = {isa = PBXFileReference; lastKnownFileType = wrapper.framework; name = Security.framework; path = System/Library/Frameworks/Security.framework; sourceTree = SDKROOT; };
		6C97E50F1AC4903A00454832 /* StoreKit.framework */ = {isa = PBXFileReference; lastKnownFileType = wrapper.framework; name = StoreKit.framework; path = System/Library/Frameworks/StoreKit.framework; sourceTree = SDKROOT; };
		6C97E5111AC4904400454832 /* SystemConfiguration.framework */ = {isa = PBXFileReference; lastKnownFileType = wrapper.framework; name = SystemConfiguration.framework; path = System/Library/Frameworks/SystemConfiguration.framework; sourceTree = SDKROOT; };
		6C97E5131AC4905600454832 /* libz.dylib */ = {isa = PBXFileReference; lastKnownFileType = "compiled.mach-o.dylib"; name = libz.dylib; path = usr/lib/libz.dylib; sourceTree = SDKROOT; };
		6C97E5151AC4906100454832 /* libsqlite3.dylib */ = {isa = PBXFileReference; lastKnownFileType = "compiled.mach-o.dylib"; name = libsqlite3.dylib; path = usr/lib/libsqlite3.dylib; sourceTree = SDKROOT; };
		6C97E5651AC49E3D00454832 /* Twitter.framework */ = {isa = PBXFileReference; lastKnownFileType = wrapper.framework; name = Twitter.framework; path = System/Library/Frameworks/Twitter.framework; sourceTree = SDKROOT; };
		6C97E5671AC49E4400454832 /* Social.framework */ = {isa = PBXFileReference; lastKnownFileType = wrapper.framework; name = Social.framework; path = System/Library/Frameworks/Social.framework; sourceTree = SDKROOT; };
		6C97E5691AC49E9B00454832 /* Accounts.framework */ = {isa = PBXFileReference; lastKnownFileType = wrapper.framework; name = Accounts.framework; path = System/Library/Frameworks/Accounts.framework; sourceTree = SDKROOT; };
		6CB9B3C71ACB3007009FE5AB /* SignUpViewController.h */ = {isa = PBXFileReference; fileEncoding = 4; lastKnownFileType = sourcecode.c.h; path = SignUpViewController.h; sourceTree = "<group>"; };
		6CB9B3C81ACB3007009FE5AB /* SignUpViewController.m */ = {isa = PBXFileReference; fileEncoding = 4; lastKnownFileType = sourcecode.c.objc; path = SignUpViewController.m; sourceTree = "<group>"; };
		6CB9B3CA1ACB3F85009FE5AB /* LogInViewController.h */ = {isa = PBXFileReference; fileEncoding = 4; lastKnownFileType = sourcecode.c.h; path = LogInViewController.h; sourceTree = "<group>"; };
		6CB9B3CB1ACB3F85009FE5AB /* LogInViewController.m */ = {isa = PBXFileReference; fileEncoding = 4; lastKnownFileType = sourcecode.c.objc; path = LogInViewController.m; sourceTree = "<group>"; };
/* End PBXFileReference section */

/* Begin PBXFrameworksBuildPhase section */
		1A4001BF1AC339C500B64BA2 /* Frameworks */ = {
			isa = PBXFrameworksBuildPhase;
			buildActionMask = 2147483647;
			files = (
				1A02DE501ACCE3E3007F7C74 /* Bolts.framework in Frameworks */,
				6C97E56A1AC49E9B00454832 /* Accounts.framework in Frameworks */,
				1A02DE551ACCE3E3007F7C74 /* ParseUI.framework in Frameworks */,
				1A02DE541ACCE3E3007F7C74 /* ParseFacebookUtilsV4.framework in Frameworks */,
				1A02DE531ACCE3E3007F7C74 /* ParseFacebookUtils.framework in Frameworks */,
				6C97E5681AC49E4400454832 /* Social.framework in Frameworks */,
				1A02DE521ACCE3E3007F7C74 /* ParseCrashReporting.framework in Frameworks */,
				6C97E5661AC49E3D00454832 /* Twitter.framework in Frameworks */,
				6C97E5161AC4906100454832 /* libsqlite3.dylib in Frameworks */,
				6C97E5141AC4905600454832 /* libz.dylib in Frameworks */,
				1A02DE511ACCE3E3007F7C74 /* Parse.framework in Frameworks */,
				6C97E5121AC4904400454832 /* SystemConfiguration.framework in Frameworks */,
				6C97E5101AC4903A00454832 /* StoreKit.framework in Frameworks */,
				6C97E50E1AC4902F00454832 /* Security.framework in Frameworks */,
				6C97E50C1AC4902500454832 /* QuartzCore.framework in Frameworks */,
				6C97E50A1AC4901C00454832 /* MobileCoreServices.framework in Frameworks */,
				6C97E5081AC4901300454832 /* CoreLocation.framework in Frameworks */,
				6C97E5061AC4900900454832 /* CoreGraphics.framework in Frameworks */,
				6C97E5041AC48FFC00454832 /* CFNetwork.framework in Frameworks */,
				6C97E5021AC48FF300454832 /* AudioToolbox.framework in Frameworks */,
			);
			runOnlyForDeploymentPostprocessing = 0;
		};
		1A4001D81AC339C500B64BA2 /* Frameworks */ = {
			isa = PBXFrameworksBuildPhase;
			buildActionMask = 2147483647;
			files = (
			);
			runOnlyForDeploymentPostprocessing = 0;
		};
/* End PBXFrameworksBuildPhase section */

/* Begin PBXGroup section */
		1A0274B61AC4BA3200C512F7 /* Frameworks */ = {
			isa = PBXGroup;
			children = (
				1A02DE4A1ACCE3E3007F7C74 /* Bolts.framework */,
				1A02DE4B1ACCE3E3007F7C74 /* Parse.framework */,
				1A02DE4C1ACCE3E3007F7C74 /* ParseCrashReporting.framework */,
				1A02DE4D1ACCE3E3007F7C74 /* ParseFacebookUtils.framework */,
				1A02DE4E1ACCE3E3007F7C74 /* ParseFacebookUtilsV4.framework */,
				1A02DE4F1ACCE3E3007F7C74 /* ParseUI.framework */,
				6C97E5151AC4906100454832 /* libsqlite3.dylib */,
				6C97E5131AC4905600454832 /* libz.dylib */,
				6C97E5691AC49E9B00454832 /* Accounts.framework */,
				6C97E5671AC49E4400454832 /* Social.framework */,
				6C97E5651AC49E3D00454832 /* Twitter.framework */,
				6C97E5111AC4904400454832 /* SystemConfiguration.framework */,
				6C97E50F1AC4903A00454832 /* StoreKit.framework */,
				6C97E50D1AC4902F00454832 /* Security.framework */,
				6C97E50B1AC4902500454832 /* QuartzCore.framework */,
				6C97E5091AC4901C00454832 /* MobileCoreServices.framework */,
				6C97E5071AC4901300454832 /* CoreLocation.framework */,
				6C97E5051AC4900900454832 /* CoreGraphics.framework */,
				6C97E5031AC48FFC00454832 /* CFNetwork.framework */,
				6C97E5011AC48FF300454832 /* AudioToolbox.framework */,
			);
			name = Frameworks;
			sourceTree = "<group>";
		};
		1A02DE3F1ACCC6C2007F7C74 /* ViewControllers */ = {
			isa = PBXGroup;
			children = (
				1A02DE3A1ACCC5C8007F7C74 /* AppointmentsTableViewController.h */,
				1A02DE3B1ACCC5C8007F7C74 /* AppointmentsTableViewController.m */,
				1A02DE371ACCBB69007F7C74 /* CalendarViewController.h */,
				1A02DE381ACCBB69007F7C74 /* CalendarViewController.m */,
				1A4001CC1AC339C500B64BA2 /* RootViewController.h */,
				1A4001CD1AC339C500B64BA2 /* RootViewController.m */,
				6CB9B3CA1ACB3F85009FE5AB /* LogInViewController.h */,
				6CB9B3CB1ACB3F85009FE5AB /* LogInViewController.m */,
				6CB9B3C71ACB3007009FE5AB /* SignUpViewController.h */,
				6CB9B3C81ACB3007009FE5AB /* SignUpViewController.m */,
			);
			name = ViewControllers;
			sourceTree = "<group>";
		};
		1A02DE431ACCCB08007F7C74 /* Models */ = {
			isa = PBXGroup;
			children = (
				1A02DE441ACCCF3F007F7C74 /* Appointment.h */,
				1A02DE451ACCCF3F007F7C74 /* Appointment.m */,
				1A02DE401ACCCB01007F7C74 /* AppointmentManager.h */,
				1A02DE411ACCCB01007F7C74 /* AppointmentManager.m */,
			);
			name = Models;
			sourceTree = "<group>";
		};
		1A1DE75E1AC4E069006A431B /* TimeSquare */ = {
			isa = PBXGroup;
			children = (
				1A1DE75F1AC4E069006A431B /* Resources */,
				1A1DE76D1AC4E069006A431B /* TimesSquare-Prefix.pch */,
				1A1DE76E1AC4E069006A431B /* TimesSquare.h */,
				1A1DE76F1AC4E069006A431B /* TSQCalendarCell.h */,
				1A1DE7701AC4E069006A431B /* TSQCalendarCell.m */,
				1A1DE7711AC4E069006A431B /* TSQCalendarMonthHeaderCell.h */,
				1A1DE7721AC4E069006A431B /* TSQCalendarMonthHeaderCell.m */,
				1A1DE7731AC4E069006A431B /* TSQCalendarRowCell.h */,
				1A1DE7741AC4E069006A431B /* TSQCalendarRowCell.m */,
				1A1DE7751AC4E069006A431B /* TSQCalendarView.h */,
				1A1DE7761AC4E069006A431B /* TSQCalendarView.m */,
				1A1DE7791AC4E069006A431B /* TSQTACalendarRowCell.h */,
				1A1DE77A1AC4E069006A431B /* TSQTACalendarRowCell.m */,
				1A1DE77B1AC4E069006A431B /* TSQTAViewController.h */,
				1A1DE77C1AC4E069006A431B /* TSQTAViewController.m */,
			);
			path = TimeSquare;
			sourceTree = "<group>";
		};
		1A1DE75F1AC4E069006A431B /* Resources */ = {
			isa = PBXGroup;
			children = (
				1A1DE7601AC4E069006A431B /* CalendarPreviousMonth.png */,
				1A1DE7611AC4E069006A431B /* CalendarPreviousMonth@2x.png */,
				1A1DE7621AC4E069006A431B /* CalendarRow.png */,
				1A1DE7631AC4E069006A431B /* CalendarRow@2x.png */,
				1A1DE7641AC4E069006A431B /* CalendarRowBottom.png */,
				1A1DE7651AC4E069006A431B /* CalendarRowBottom@2x.png */,
				1A1DE7661AC4E069006A431B /* CalendarSelectedDate.png */,
				1A1DE7671AC4E069006A431B /* CalendarSelectedDate@2x.png */,
				1A1DE7681AC4E069006A431B /* CalendarTodaysDate.png */,
				1A1DE7691AC4E069006A431B /* CalendarTodaysDate@2x.png */,
				1A1DE76A1AC4E069006A431B /* Default-568h@2x.png */,
				1A1DE76B1AC4E069006A431B /* Default.png */,
				1A1DE76C1AC4E069006A431B /* Default@2x.png */,
			);
			path = Resources;
			sourceTree = "<group>";
		};
		1A4001B91AC339C500B64BA2 = {
			isa = PBXGroup;
			children = (
				1A1DE75E1AC4E069006A431B /* TimeSquare */,
				1A0274B61AC4BA3200C512F7 /* Frameworks */,
				1A4001C41AC339C500B64BA2 /* ScheduleMe */,
				1A4001DE1AC339C500B64BA2 /* ScheduleMeTests */,
				1A4001C31AC339C500B64BA2 /* Products */,
			);
			sourceTree = "<group>";
		};
		1A4001C31AC339C500B64BA2 /* Products */ = {
			isa = PBXGroup;
			children = (
				1A4001C21AC339C500B64BA2 /* ScheduleMe.app */,
				1A4001DB1AC339C500B64BA2 /* ScheduleMeTests.xctest */,
			);
			name = Products;
			sourceTree = "<group>";
		};
		1A4001C41AC339C500B64BA2 /* ScheduleMe */ = {
			isa = PBXGroup;
			children = (
				1A4001C91AC339C500B64BA2 /* AppDelegate.h */,
				1A4001CA1AC339C500B64BA2 /* AppDelegate.m */,
				1A02DE431ACCCB08007F7C74 /* Models */,
				1A02DE3F1ACCC6C2007F7C74 /* ViewControllers */,
				1A4001CF1AC339C500B64BA2 /* Main.storyboard */,
				1A4001D21AC339C500B64BA2 /* Images.xcassets */,
				1A4001D41AC339C500B64BA2 /* LaunchScreen.xib */,
				1A4001C51AC339C500B64BA2 /* Supporting Files */,
			);
			path = ScheduleMe;
			sourceTree = "<group>";
		};
		1A4001C51AC339C500B64BA2 /* Supporting Files */ = {
			isa = PBXGroup;
			children = (
				1A4001C61AC339C500B64BA2 /* Info.plist */,
				1A4001C71AC339C500B64BA2 /* main.m */,
			);
			name = "Supporting Files";
			sourceTree = "<group>";
		};
		1A4001DE1AC339C500B64BA2 /* ScheduleMeTests */ = {
			isa = PBXGroup;
			children = (
				1A4001E11AC339C500B64BA2 /* ScheduleMeTests.m */,
				1A4001DF1AC339C500B64BA2 /* Supporting Files */,
			);
			path = ScheduleMeTests;
			sourceTree = "<group>";
		};
		1A4001DF1AC339C500B64BA2 /* Supporting Files */ = {
			isa = PBXGroup;
			children = (
				1A4001E01AC339C500B64BA2 /* Info.plist */,
			);
			name = "Supporting Files";
			sourceTree = "<group>";
		};
/* End PBXGroup section */

/* Begin PBXNativeTarget section */
		1A4001C11AC339C500B64BA2 /* ScheduleMe */ = {
			isa = PBXNativeTarget;
			buildConfigurationList = 1A4001E51AC339C500B64BA2 /* Build configuration list for PBXNativeTarget "ScheduleMe" */;
			buildPhases = (
				1A4001BE1AC339C500B64BA2 /* Sources */,
				1A4001BF1AC339C500B64BA2 /* Frameworks */,
				1A4001C01AC339C500B64BA2 /* Resources */,
			);
			buildRules = (
			);
			dependencies = (
			);
			name = ScheduleMe;
			productName = ScheduleMe;
			productReference = 1A4001C21AC339C500B64BA2 /* ScheduleMe.app */;
			productType = "com.apple.product-type.application";
		};
		1A4001DA1AC339C500B64BA2 /* ScheduleMeTests */ = {
			isa = PBXNativeTarget;
			buildConfigurationList = 1A4001E81AC339C500B64BA2 /* Build configuration list for PBXNativeTarget "ScheduleMeTests" */;
			buildPhases = (
				1A4001D71AC339C500B64BA2 /* Sources */,
				1A4001D81AC339C500B64BA2 /* Frameworks */,
				1A4001D91AC339C500B64BA2 /* Resources */,
			);
			buildRules = (
			);
			dependencies = (
				1A4001DD1AC339C500B64BA2 /* PBXTargetDependency */,
			);
			name = ScheduleMeTests;
			productName = ScheduleMeTests;
			productReference = 1A4001DB1AC339C500B64BA2 /* ScheduleMeTests.xctest */;
			productType = "com.apple.product-type.bundle.unit-test";
		};
/* End PBXNativeTarget section */

/* Begin PBXProject section */
		1A4001BA1AC339C500B64BA2 /* Project object */ = {
			isa = PBXProject;
			attributes = {
				LastUpgradeCheck = 0610;
				ORGANIZATIONNAME = JCKortlang;
				TargetAttributes = {
					1A4001C11AC339C500B64BA2 = {
						CreatedOnToolsVersion = 6.1.1;
					};
					1A4001DA1AC339C500B64BA2 = {
						CreatedOnToolsVersion = 6.1.1;
						TestTargetID = 1A4001C11AC339C500B64BA2;
					};
				};
			};
			buildConfigurationList = 1A4001BD1AC339C500B64BA2 /* Build configuration list for PBXProject "ScheduleMe" */;
			compatibilityVersion = "Xcode 3.2";
			developmentRegion = English;
			hasScannedForEncodings = 0;
			knownRegions = (
				en,
				Base,
			);
			mainGroup = 1A4001B91AC339C500B64BA2;
			productRefGroup = 1A4001C31AC339C500B64BA2 /* Products */;
			projectDirPath = "";
			projectRoot = "";
			targets = (
				1A4001C11AC339C500B64BA2 /* ScheduleMe */,
				1A4001DA1AC339C500B64BA2 /* ScheduleMeTests */,
			);
		};
/* End PBXProject section */

/* Begin PBXResourcesBuildPhase section */
		1A4001C01AC339C500B64BA2 /* Resources */ = {
			isa = PBXResourcesBuildPhase;
			buildActionMask = 2147483647;
			files = (
				1A1DE7891AC4E069006A431B /* Default@2x.png in Resources */,
				1A1DE7831AC4E069006A431B /* CalendarSelectedDate.png in Resources */,
				1A1DE77F1AC4E069006A431B /* CalendarRow.png in Resources */,
				1A1DE7821AC4E069006A431B /* CalendarRowBottom@2x.png in Resources */,
				1A4001D11AC339C500B64BA2 /* Main.storyboard in Resources */,
				1A1DE7881AC4E069006A431B /* Default.png in Resources */,
				1A1DE77D1AC4E069006A431B /* CalendarPreviousMonth.png in Resources */,
				1A1DE7871AC4E069006A431B /* Default-568h@2x.png in Resources */,
				1A1DE77E1AC4E069006A431B /* CalendarPreviousMonth@2x.png in Resources */,
				1A1DE7801AC4E069006A431B /* CalendarRow@2x.png in Resources */,
				1A1DE7841AC4E069006A431B /* CalendarSelectedDate@2x.png in Resources */,
				1A1DE7861AC4E069006A431B /* CalendarTodaysDate@2x.png in Resources */,
				1A4001D61AC339C500B64BA2 /* LaunchScreen.xib in Resources */,
				1A1DE7851AC4E069006A431B /* CalendarTodaysDate.png in Resources */,
				1A4001D31AC339C500B64BA2 /* Images.xcassets in Resources */,
				1A1DE7811AC4E069006A431B /* CalendarRowBottom.png in Resources */,
			);
			runOnlyForDeploymentPostprocessing = 0;
		};
		1A4001D91AC339C500B64BA2 /* Resources */ = {
			isa = PBXResourcesBuildPhase;
			buildActionMask = 2147483647;
			files = (
			);
			runOnlyForDeploymentPostprocessing = 0;
		};
/* End PBXResourcesBuildPhase section */

/* Begin PBXSourcesBuildPhase section */
		1A4001BE1AC339C500B64BA2 /* Sources */ = {
			isa = PBXSourcesBuildPhase;
			buildActionMask = 2147483647;
			files = (
				1A4001CE1AC339C500B64BA2 /* RootViewController.m in Sources */,
				1A4001CB1AC339C500B64BA2 /* AppDelegate.m in Sources */,
				1A1DE78D1AC4E069006A431B /* TSQCalendarView.m in Sources */,
				1A02DE461ACCCF3F007F7C74 /* Appointment.m in Sources */,
				1A1DE78A1AC4E069006A431B /* TSQCalendarCell.m in Sources */,
				1A02DE391ACCBB69007F7C74 /* CalendarViewController.m in Sources */,
				1A02DE421ACCCB01007F7C74 /* AppointmentManager.m in Sources */,
				1A1DE78C1AC4E069006A431B /* TSQCalendarRowCell.m in Sources */,
				1A02DE3D1ACCC5C8007F7C74 /* AppointmentsTableViewController.m in Sources */,
				1A4001C81AC339C500B64BA2 /* main.m in Sources */,
				6CB9B3C91ACB3007009FE5AB /* SignUpViewController.m in Sources */,
				6CB9B3CC1ACB3F85009FE5AB /* LogInViewController.m in Sources */,
				1A1DE78F1AC4E069006A431B /* TSQTACalendarRowCell.m in Sources */,
				1A1DE7901AC4E069006A431B /* TSQTAViewController.m in Sources */,
				1A1DE78B1AC4E069006A431B /* TSQCalendarMonthHeaderCell.m in Sources */,
			);
			runOnlyForDeploymentPostprocessing = 0;
		};
		1A4001D71AC339C500B64BA2 /* Sources */ = {
			isa = PBXSourcesBuildPhase;
			buildActionMask = 2147483647;
			files = (
				1A4001E21AC339C500B64BA2 /* ScheduleMeTests.m in Sources */,
			);
			runOnlyForDeploymentPostprocessing = 0;
		};
/* End PBXSourcesBuildPhase section */

/* Begin PBXTargetDependency section */
		1A4001DD1AC339C500B64BA2 /* PBXTargetDependency */ = {
			isa = PBXTargetDependency;
			target = 1A4001C11AC339C500B64BA2 /* ScheduleMe */;
			targetProxy = 1A4001DC1AC339C500B64BA2 /* PBXContainerItemProxy */;
		};
/* End PBXTargetDependency section */

/* Begin PBXVariantGroup section */
		1A4001CF1AC339C500B64BA2 /* Main.storyboard */ = {
			isa = PBXVariantGroup;
			children = (
				1A4001D01AC339C500B64BA2 /* Base */,
			);
			name = Main.storyboard;
			sourceTree = "<group>";
		};
		1A4001D41AC339C500B64BA2 /* LaunchScreen.xib */ = {
			isa = PBXVariantGroup;
			children = (
				1A4001D51AC339C500B64BA2 /* Base */,
			);
			name = LaunchScreen.xib;
			sourceTree = "<group>";
		};
/* End PBXVariantGroup section */

/* Begin XCBuildConfiguration section */
		1A4001E31AC339C500B64BA2 /* Debug */ = {
			isa = XCBuildConfiguration;
			buildSettings = {
				ALWAYS_SEARCH_USER_PATHS = NO;
				CLANG_CXX_LANGUAGE_STANDARD = "gnu++0x";
				CLANG_CXX_LIBRARY = "libc++";
				CLANG_ENABLE_MODULES = YES;
				CLANG_ENABLE_OBJC_ARC = YES;
				CLANG_WARN_BOOL_CONVERSION = YES;
				CLANG_WARN_CONSTANT_CONVERSION = YES;
				CLANG_WARN_DIRECT_OBJC_ISA_USAGE = YES_ERROR;
				CLANG_WARN_EMPTY_BODY = YES;
				CLANG_WARN_ENUM_CONVERSION = YES;
				CLANG_WARN_INT_CONVERSION = YES;
				CLANG_WARN_OBJC_ROOT_CLASS = YES_ERROR;
				CLANG_WARN_UNREACHABLE_CODE = YES;
				CLANG_WARN__DUPLICATE_METHOD_MATCH = YES;
				"CODE_SIGN_IDENTITY[sdk=iphoneos*]" = "iPhone Developer";
				COPY_PHASE_STRIP = NO;
				ENABLE_STRICT_OBJC_MSGSEND = YES;
				GCC_C_LANGUAGE_STANDARD = gnu99;
				GCC_DYNAMIC_NO_PIC = NO;
				GCC_OPTIMIZATION_LEVEL = 0;
				GCC_PREPROCESSOR_DEFINITIONS = (
					"DEBUG=1",
					"$(inherited)",
				);
				GCC_SYMBOLS_PRIVATE_EXTERN = NO;
				GCC_WARN_64_TO_32_BIT_CONVERSION = YES;
				GCC_WARN_ABOUT_RETURN_TYPE = YES_ERROR;
				GCC_WARN_UNDECLARED_SELECTOR = YES;
				GCC_WARN_UNINITIALIZED_AUTOS = YES_AGGRESSIVE;
				GCC_WARN_UNUSED_FUNCTION = YES;
				GCC_WARN_UNUSED_VARIABLE = YES;
				IPHONEOS_DEPLOYMENT_TARGET = 8.1;
				MTL_ENABLE_DEBUG_INFO = YES;
				ONLY_ACTIVE_ARCH = YES;
				SDKROOT = iphoneos;
			};
			name = Debug;
		};
		1A4001E41AC339C500B64BA2 /* Release */ = {
			isa = XCBuildConfiguration;
			buildSettings = {
				ALWAYS_SEARCH_USER_PATHS = NO;
				CLANG_CXX_LANGUAGE_STANDARD = "gnu++0x";
				CLANG_CXX_LIBRARY = "libc++";
				CLANG_ENABLE_MODULES = YES;
				CLANG_ENABLE_OBJC_ARC = YES;
				CLANG_WARN_BOOL_CONVERSION = YES;
				CLANG_WARN_CONSTANT_CONVERSION = YES;
				CLANG_WARN_DIRECT_OBJC_ISA_USAGE = YES_ERROR;
				CLANG_WARN_EMPTY_BODY = YES;
				CLANG_WARN_ENUM_CONVERSION = YES;
				CLANG_WARN_INT_CONVERSION = YES;
				CLANG_WARN_OBJC_ROOT_CLASS = YES_ERROR;
				CLANG_WARN_UNREACHABLE_CODE = YES;
				CLANG_WARN__DUPLICATE_METHOD_MATCH = YES;
				"CODE_SIGN_IDENTITY[sdk=iphoneos*]" = "iPhone Developer";
				COPY_PHASE_STRIP = YES;
				ENABLE_NS_ASSERTIONS = NO;
				ENABLE_STRICT_OBJC_MSGSEND = YES;
				GCC_C_LANGUAGE_STANDARD = gnu99;
				GCC_WARN_64_TO_32_BIT_CONVERSION = YES;
				GCC_WARN_ABOUT_RETURN_TYPE = YES_ERROR;
				GCC_WARN_UNDECLARED_SELECTOR = YES;
				GCC_WARN_UNINITIALIZED_AUTOS = YES_AGGRESSIVE;
				GCC_WARN_UNUSED_FUNCTION = YES;
				GCC_WARN_UNUSED_VARIABLE = YES;
				IPHONEOS_DEPLOYMENT_TARGET = 8.1;
				MTL_ENABLE_DEBUG_INFO = NO;
				SDKROOT = iphoneos;
				VALIDATE_PRODUCT = YES;
			};
			name = Release;
		};
		1A4001E61AC339C500B64BA2 /* Debug */ = {
			isa = XCBuildConfiguration;
			buildSettings = {
				ASSETCATALOG_COMPILER_APPICON_NAME = AppIcon;
				FRAMEWORK_SEARCH_PATHS = (
					"$(PROJECT_DIR)/ParseFramework",
					"$(PROJECT_DIR)",
				);
				INFOPLIST_FILE = ScheduleMe/Info.plist;
				LD_RUNPATH_SEARCH_PATHS = "$(inherited) @executable_path/Frameworks";
				PRODUCT_NAME = "$(TARGET_NAME)";
			};
			name = Debug;
		};
		1A4001E71AC339C500B64BA2 /* Release */ = {
			isa = XCBuildConfiguration;
			buildSettings = {
				ASSETCATALOG_COMPILER_APPICON_NAME = AppIcon;
				FRAMEWORK_SEARCH_PATHS = (
					"$(PROJECT_DIR)/ParseFramework",
					"$(PROJECT_DIR)",
				);
				INFOPLIST_FILE = ScheduleMe/Info.plist;
				LD_RUNPATH_SEARCH_PATHS = "$(inherited) @executable_path/Frameworks";
				PRODUCT_NAME = "$(TARGET_NAME)";
			};
			name = Release;
		};
		1A4001E91AC339C500B64BA2 /* Debug */ = {
			isa = XCBuildConfiguration;
			buildSettings = {
				BUNDLE_LOADER = "$(TEST_HOST)";
				FRAMEWORK_SEARCH_PATHS = (
					"$(SDKROOT)/Developer/Library/Frameworks",
					"$(inherited)",
				);
				GCC_PREPROCESSOR_DEFINITIONS = (
					"DEBUG=1",
					"$(inherited)",
				);
				INFOPLIST_FILE = ScheduleMeTests/Info.plist;
				LD_RUNPATH_SEARCH_PATHS = "$(inherited) @executable_path/Frameworks @loader_path/Frameworks";
				PRODUCT_NAME = "$(TARGET_NAME)";
				TEST_HOST = "$(BUILT_PRODUCTS_DIR)/ScheduleMe.app/ScheduleMe";
			};
			name = Debug;
		};
		1A4001EA1AC339C500B64BA2 /* Release */ = {
			isa = XCBuildConfiguration;
			buildSettings = {
				BUNDLE_LOADER = "$(TEST_HOST)";
				FRAMEWORK_SEARCH_PATHS = (
					"$(SDKROOT)/Developer/Library/Frameworks",
					"$(inherited)",
				);
				INFOPLIST_FILE = ScheduleMeTests/Info.plist;
				LD_RUNPATH_SEARCH_PATHS = "$(inherited) @executable_path/Frameworks @loader_path/Frameworks";
				PRODUCT_NAME = "$(TARGET_NAME)";
				TEST_HOST = "$(BUILT_PRODUCTS_DIR)/ScheduleMe.app/ScheduleMe";
			};
			name = Release;
		};
/* End XCBuildConfiguration section */

/* Begin XCConfigurationList section */
		1A4001BD1AC339C500B64BA2 /* Build configuration list for PBXProject "ScheduleMe" */ = {
			isa = XCConfigurationList;
			buildConfigurations = (
				1A4001E31AC339C500B64BA2 /* Debug */,
				1A4001E41AC339C500B64BA2 /* Release */,
			);
			defaultConfigurationIsVisible = 0;
			defaultConfigurationName = Release;
		};
		1A4001E51AC339C500B64BA2 /* Build configuration list for PBXNativeTarget "ScheduleMe" */ = {
			isa = XCConfigurationList;
			buildConfigurations = (
				1A4001E61AC339C500B64BA2 /* Debug */,
				1A4001E71AC339C500B64BA2 /* Release */,
			);
			defaultConfigurationIsVisible = 0;
			defaultConfigurationName = Release;
		};
		1A4001E81AC339C500B64BA2 /* Build configuration list for PBXNativeTarget "ScheduleMeTests" */ = {
			isa = XCConfigurationList;
			buildConfigurations = (
				1A4001E91AC339C500B64BA2 /* Debug */,
				1A4001EA1AC339C500B64BA2 /* Release */,
			);
			defaultConfigurationIsVisible = 0;
			defaultConfigurationName = Release;
		};
/* End XCConfigurationList section */
	};
	rootObject = 1A4001BA1AC339C500B64BA2 /* Project object */;
}
